{
  "originHash" : "ec786f329b41f28ec181199a9a4fbfcee36df56c9f7ce038604d38c52b2214ce",
  "pins" : [
    {
      "identity" : "keyboardshortcuts",
      "kind" : "remoteSourceControl",
      "location" : "https://github.com/sindresorhus/KeyboardShortcuts",
      "state" : {
        "revision" : "1aef85578fdd4f9eaeeb8d53b7b4fc31bf08fe27",
        "version" : "2.4.0"
      }
    }
  ],
  "version" : 3
}
